
Microsoft Visual Studio Solution File, Format Version 12.00
# Visual Studio Version 17
VisualStudioVersion = 17.5.33209.295
MinimumVisualStudioVersion = 10.0.40219.1
Project("{FAE04EC0-301F-11D3-BF4B-00C04F79EFBC}") = "Sample.MinAPI", "Sample.MinAPI\Sample.MinAPI.csproj", "{83E45830-0073-483B-837D-67CFC1FFE9BA}"
EndProject
Project("{FAE04EC0-301F-11D3-BF4B-00C04F79EFBC}") = "Sample.ConAPI", "Sample.ConAPI\Sample.ConAPI.csproj", "{BB56C834-0FEC-41C9-8AE5-2D14428EDE1E}"
EndProject
Global
	GlobalSection(SolutionConfigurationPlatforms) = preSolution
		Debug|Any CPU = Debug|Any CPU
		Release|Any CPU = Release|Any CPU
	EndGlobalSection
	GlobalSection(ProjectConfigurationPlatforms) = postSolution
		{83E45830-0073-483B-837D-67CFC1FFE9BA}.Debug|Any CPU.ActiveCfg = Debug|Any CPU
		{83E45830-0073-483B-837D-67CFC1FFE9BA}.Debug|Any CPU.Build.0 = Debug|Any CPU
		{83E45830-0073-483B-837D-67CFC1FFE9BA}.Release|Any CPU.ActiveCfg = Release|Any CPU
		{83E45830-0073-483B-837D-67CFC1FFE9BA}.Release|Any CPU.Build.0 = Release|Any CPU
		{BB56C834-0FEC-41C9-8AE5-2D14428EDE1E}.Debug|Any CPU.ActiveCfg = Debug|Any CPU
		{BB56C834-0FEC-41C9-8AE5-2D14428EDE1E}.Debug|Any CPU.Build.0 = Debug|Any CPU
		{BB56C834-0FEC-41C9-8AE5-2D14428EDE1E}.Release|Any CPU.ActiveCfg = Release|Any CPU
		{BB56C834-0FEC-41C9-8AE5-2D14428EDE1E}.Release|Any CPU.Build.0 = Release|Any CPU
	EndGlobalSection
	GlobalSection(SolutionProperties) = preSolution
		HideSolutionNode = FALSE
	EndGlobalSection
	GlobalSection(ExtensibilityGlobals) = postSolution
		SolutionGuid = {4B1EFC6B-803F-45B6-9032-636BBC00C3D0}
	EndGlobalSection
EndGlobal
